
Microsoft Visual Studio Solution File, Format Version 12.00
# Visual Studio Version 16
VisualStudioVersion = 16.0.29613.14
MinimumVisualStudioVersion = 10.0.40219.1
Project("{FAE04EC0-301F-11D3-BF4B-00C04F79EFBC}") = "KeyVault", "KeyVault\KeyVault.csproj", "{E123641C-030F-446B-A3BF-3E5BCCBD2F47}"
EndProject
Global
	GlobalSection(SolutionConfigurationPlatforms) = preSolution
		Debug|Any CPU = Debug|Any CPU
		Release|Any CPU = Release|Any CPU
	EndGlobalSection
	GlobalSection(ProjectConfigurationPlatforms) = postSolution
		{E123641C-030F-446B-A3BF-3E5BCCBD2F47}.Debug|Any CPU.ActiveCfg = Debug|Any CPU
		{E123641C-030F-446B-A3BF-3E5BCCBD2F47}.Debug|Any CPU.Build.0 = Debug|Any CPU
		{E123641C-030F-446B-A3BF-3E5BCCBD2F47}.Release|Any CPU.ActiveCfg = Release|Any CPU
		{E123641C-030F-446B-A3BF-3E5BCCBD2F47}.Release|Any CPU.Build.0 = Release|Any CPU
	EndGlobalSection
	GlobalSection(SolutionProperties) = preSolution
		HideSolutionNode = FALSE
	EndGlobalSection
	GlobalSection(ExtensibilityGlobals) = postSolution
		SolutionGuid = {6400D96A-8ACA-4E79-9E87-8362BAB74AA6}
	EndGlobalSection
EndGlobal
